
Microsoft Visual Studio Solution File, Format Version 12.00
# Visual Studio Version 17
VisualStudioVersion = 17.0.31903.59
MinimumVisualStudioVersion = 10.0.40219.1
Project("{FAE04EC0-301F-11D3-BF4B-00C04F79EFBC}") = "PersonService.Application", "PersonService.Application\PersonService.Application.csproj", "{6655E412-85C5-4889-89CA-E26F12461E8E}"
EndProject
Project("{FAE04EC0-301F-11D3-BF4B-00C04F79EFBC}") = "PersonService.Domain", "PersonService.Domain\PersonService.Domain.csproj", "{57A123E7-9361-432F-ACD3-0BD3EC2AA3D9}"
EndProject
Project("{FAE04EC0-301F-11D3-BF4B-00C04F79EFBC}") = "PersonService.Infrastructure", "PersonService.Infrastructure\PersonService.Infrastructure.csproj", "{3D07D276-E548-4036-A679-41F41A528A91}"
EndProject
Project("{FAE04EC0-301F-11D3-BF4B-00C04F79EFBC}") = "PersonService.Api", "PersonService.Api\PersonService.Api.csproj", "{D2DF1FE0-12AF-44CA-ACA3-D7FA94119EBA}"
EndProject
Global
	GlobalSection(SolutionConfigurationPlatforms) = preSolution
		Debug|Any CPU = Debug|Any CPU
		Debug|x64 = Debug|x64
		Debug|x86 = Debug|x86
		Release|Any CPU = Release|Any CPU
		Release|x64 = Release|x64
		Release|x86 = Release|x86
	EndGlobalSection
	GlobalSection(ProjectConfigurationPlatforms) = postSolution
		{6655E412-85C5-4889-89CA-E26F12461E8E}.Debug|Any CPU.ActiveCfg = Debug|Any CPU
		{6655E412-85C5-4889-89CA-E26F12461E8E}.Debug|Any CPU.Build.0 = Debug|Any CPU
		{6655E412-85C5-4889-89CA-E26F12461E8E}.Debug|x64.ActiveCfg = Debug|Any CPU
		{6655E412-85C5-4889-89CA-E26F12461E8E}.Debug|x64.Build.0 = Debug|Any CPU
		{6655E412-85C5-4889-89CA-E26F12461E8E}.Debug|x86.ActiveCfg = Debug|Any CPU
		{6655E412-85C5-4889-89CA-E26F12461E8E}.Debug|x86.Build.0 = Debug|Any CPU
		{6655E412-85C5-4889-89CA-E26F12461E8E}.Release|Any CPU.ActiveCfg = Release|Any CPU
		{6655E412-85C5-4889-89CA-E26F12461E8E}.Release|Any CPU.Build.0 = Release|Any CPU
		{6655E412-85C5-4889-89CA-E26F12461E8E}.Release|x64.ActiveCfg = Release|Any CPU
		{6655E412-85C5-4889-89CA-E26F12461E8E}.Release|x64.Build.0 = Release|Any CPU
		{6655E412-85C5-4889-89CA-E26F12461E8E}.Release|x86.ActiveCfg = Release|Any CPU
		{6655E412-85C5-4889-89CA-E26F12461E8E}.Release|x86.Build.0 = Release|Any CPU
		{57A123E7-9361-432F-ACD3-0BD3EC2AA3D9}.Debug|Any CPU.ActiveCfg = Debug|Any CPU
		{57A123E7-9361-432F-ACD3-0BD3EC2AA3D9}.Debug|Any CPU.Build.0 = Debug|Any CPU
		{57A123E7-9361-432F-ACD3-0BD3EC2AA3D9}.Debug|x64.ActiveCfg = Debug|Any CPU
		{57A123E7-9361-432F-ACD3-0BD3EC2AA3D9}.Debug|x64.Build.0 = Debug|Any CPU
		{57A123E7-9361-432F-ACD3-0BD3EC2AA3D9}.Debug|x86.ActiveCfg = Debug|Any CPU
		{57A123E7-9361-432F-ACD3-0BD3EC2AA3D9}.Debug|x86.Build.0 = Debug|Any CPU
		{57A123E7-9361-432F-ACD3-0BD3EC2AA3D9}.Release|Any CPU.ActiveCfg = Release|Any CPU
		{57A123E7-9361-432F-ACD3-0BD3EC2AA3D9}.Release|Any CPU.Build.0 = Release|Any CPU
		{57A123E7-9361-432F-ACD3-0BD3EC2AA3D9}.Release|x64.ActiveCfg = Release|Any CPU
		{57A123E7-9361-432F-ACD3-0BD3EC2AA3D9}.Release|x64.Build.0 = Release|Any CPU
		{57A123E7-9361-432F-ACD3-0BD3EC2AA3D9}.Release|x86.ActiveCfg = Release|Any CPU
		{57A123E7-9361-432F-ACD3-0BD3EC2AA3D9}.Release|x86.Build.0 = Release|Any CPU
		{3D07D276-E548-4036-A679-41F41A528A91}.Debug|Any CPU.ActiveCfg = Debug|Any CPU
		{3D07D276-E548-4036-A679-41F41A528A91}.Debug|Any CPU.Build.0 = Debug|Any CPU
		{3D07D276-E548-4036-A679-41F41A528A91}.Debug|x64.ActiveCfg = Debug|Any CPU
		{3D07D276-E548-4036-A679-41F41A528A91}.Debug|x64.Build.0 = Debug|Any CPU
		{3D07D276-E548-4036-A679-41F41A528A91}.Debug|x86.ActiveCfg = Debug|Any CPU
		{3D07D276-E548-4036-A679-41F41A528A91}.Debug|x86.Build.0 = Debug|Any CPU
		{3D07D276-E548-4036-A679-41F41A528A91}.Release|Any CPU.ActiveCfg = Release|Any CPU
		{3D07D276-E548-4036-A679-41F41A528A91}.Release|Any CPU.Build.0 = Release|Any CPU
		{3D07D276-E548-4036-A679-41F41A528A91}.Release|x64.ActiveCfg = Release|Any CPU
		{3D07D276-E548-4036-A679-41F41A528A91}.Release|x64.Build.0 = Release|Any CPU
		{3D07D276-E548-4036-A679-41F41A528A91}.Release|x86.ActiveCfg = Release|Any CPU
		{3D07D276-E548-4036-A679-41F41A528A91}.Release|x86.Build.0 = Release|Any CPU
		{D2DF1FE0-12AF-44CA-ACA3-D7FA94119EBA}.Debug|Any CPU.ActiveCfg = Debug|Any CPU
		{D2DF1FE0-12AF-44CA-ACA3-D7FA94119EBA}.Debug|Any CPU.Build.0 = Debug|Any CPU
		{D2DF1FE0-12AF-44CA-ACA3-D7FA94119EBA}.Debug|x64.ActiveCfg = Debug|Any CPU
		{D2DF1FE0-12AF-44CA-ACA3-D7FA94119EBA}.Debug|x64.Build.0 = Debug|Any CPU
		{D2DF1FE0-12AF-44CA-ACA3-D7FA94119EBA}.Debug|x86.ActiveCfg = Debug|Any CPU
		{D2DF1FE0-12AF-44CA-ACA3-D7FA94119EBA}.Debug|x86.Build.0 = Debug|Any CPU
		{D2DF1FE0-12AF-44CA-ACA3-D7FA94119EBA}.Release|Any CPU.ActiveCfg = Release|Any CPU
		{D2DF1FE0-12AF-44CA-ACA3-D7FA94119EBA}.Release|Any CPU.Build.0 = Release|Any CPU
		{D2DF1FE0-12AF-44CA-ACA3-D7FA94119EBA}.Release|x64.ActiveCfg = Release|Any CPU
		{D2DF1FE0-12AF-44CA-ACA3-D7FA94119EBA}.Release|x64.Build.0 = Release|Any CPU
		{D2DF1FE0-12AF-44CA-ACA3-D7FA94119EBA}.Release|x86.ActiveCfg = Release|Any CPU
		{D2DF1FE0-12AF-44CA-ACA3-D7FA94119EBA}.Release|x86.Build.0 = Release|Any CPU
	EndGlobalSection
	GlobalSection(SolutionProperties) = preSolution
		HideSolutionNode = FALSE
	EndGlobalSection
	GlobalSection(ExtensibilityGlobals) = postSolution
		SolutionGuid = {ABDD1072-46F9-4262-9501-437F285EB34C}
	EndGlobalSection
EndGlobal
